
Microsoft Visual Studio Solution File, Format Version 12.00
# Visual Studio Version 17
VisualStudioVersion = 17.11.35219.272
MinimumVisualStudioVersion = 10.0.40219.1
Project("{FAE04EC0-301F-11D3-BF4B-00C04F79EFBC}") = "Students_Management", "Students_Management\Students_Management.csproj", "{19807A10-DF86-4DBD-B3B2-B367208FD894}"
EndProject
Global
	GlobalSection(SolutionConfigurationPlatforms) = preSolution
		Debug|Any CPU = Debug|Any CPU
		Release|Any CPU = Release|Any CPU
	EndGlobalSection
	GlobalSection(ProjectConfigurationPlatforms) = postSolution
		{19807A10-DF86-4DBD-B3B2-B367208FD894}.Debug|Any CPU.ActiveCfg = Debug|Any CPU
		{19807A10-DF86-4DBD-B3B2-B367208FD894}.Debug|Any CPU.Build.0 = Debug|Any CPU
		{19807A10-DF86-4DBD-B3B2-B367208FD894}.Release|Any CPU.ActiveCfg = Release|Any CPU
		{19807A10-DF86-4DBD-B3B2-B367208FD894}.Release|Any CPU.Build.0 = Release|Any CPU
	EndGlobalSection
	GlobalSection(SolutionProperties) = preSolution
		HideSolutionNode = FALSE
	EndGlobalSection
	GlobalSection(ExtensibilityGlobals) = postSolution
		SolutionGuid = {895B1D6A-E5E3-47D0-9AA1-73A6BC5C59DF}
	EndGlobalSection
EndGlobal
